
Microsoft Visual Studio Solution File, Format Version 12.00
# Visual Studio Version 17
VisualStudioVersion = 17.5.33414.496
MinimumVisualStudioVersion = 10.0.40219.1
Project("{FAE04EC0-301F-11D3-BF4B-00C04F79EFBC}") = "Uppgift 4.5", "Uppgift 4.5\Uppgift 4.5.csproj", "{6A5EF569-1C0E-4190-B052-575BC0F8F59D}"
EndProject
Global
	GlobalSection(SolutionConfigurationPlatforms) = preSolution
		Debug|Any CPU = Debug|Any CPU
		Release|Any CPU = Release|Any CPU
	EndGlobalSection
	GlobalSection(ProjectConfigurationPlatforms) = postSolution
		{6A5EF569-1C0E-4190-B052-575BC0F8F59D}.Debug|Any CPU.ActiveCfg = Debug|Any CPU
		{6A5EF569-1C0E-4190-B052-575BC0F8F59D}.Debug|Any CPU.Build.0 = Debug|Any CPU
		{6A5EF569-1C0E-4190-B052-575BC0F8F59D}.Release|Any CPU.ActiveCfg = Release|Any CPU
		{6A5EF569-1C0E-4190-B052-575BC0F8F59D}.Release|Any CPU.Build.0 = Release|Any CPU
	EndGlobalSection
	GlobalSection(SolutionProperties) = preSolution
		HideSolutionNode = FALSE
	EndGlobalSection
	GlobalSection(ExtensibilityGlobals) = postSolution
		SolutionGuid = {2E4758BD-37B3-4005-A7A6-2BA6AB2E3D62}
	EndGlobalSection
EndGlobal
